
Microsoft Visual Studio Solution File, Format Version 12.00
# Visual Studio Version 16
VisualStudioVersion = 16.0.30611.23
MinimumVisualStudioVersion = 10.0.40219.1
Project("{FAE04EC0-301F-11D3-BF4B-00C04F79EFBC}") = "conversioneNegativi", "conversioneNegativi\conversioneNegativi.csproj", "{ECF1D71D-0782-493A-96BF-9FF4D7F42E17}"
EndProject
Global
	GlobalSection(SolutionConfigurationPlatforms) = preSolution
		Debug|Any CPU = Debug|Any CPU
		Release|Any CPU = Release|Any CPU
	EndGlobalSection
	GlobalSection(ProjectConfigurationPlatforms) = postSolution
		{ECF1D71D-0782-493A-96BF-9FF4D7F42E17}.Debug|Any CPU.ActiveCfg = Debug|Any CPU
		{ECF1D71D-0782-493A-96BF-9FF4D7F42E17}.Debug|Any CPU.Build.0 = Debug|Any CPU
		{ECF1D71D-0782-493A-96BF-9FF4D7F42E17}.Release|Any CPU.ActiveCfg = Release|Any CPU
		{ECF1D71D-0782-493A-96BF-9FF4D7F42E17}.Release|Any CPU.Build.0 = Release|Any CPU
	EndGlobalSection
	GlobalSection(SolutionProperties) = preSolution
		HideSolutionNode = FALSE
	EndGlobalSection
	GlobalSection(ExtensibilityGlobals) = postSolution
		SolutionGuid = {86EC19CF-A1CD-44D0-8DE9-DDF45BF06CA1}
	EndGlobalSection
EndGlobal
